
Microsoft Visual Studio Solution File, Format Version 12.00
# Visual Studio 15
VisualStudioVersion = 15.0.28307.1062
MinimumVisualStudioVersion = 10.0.40219.1
Project("{FAE04EC0-301F-11D3-BF4B-00C04F79EFBC}") = "GitHub1", "GitHub1\GitHub1.csproj", "{704546F6-7FB1-46E4-9CE4-E9124856DEFD}"
EndProject
Global
	GlobalSection(SolutionConfigurationPlatforms) = preSolution
		Debug|Any CPU = Debug|Any CPU
		Release|Any CPU = Release|Any CPU
	EndGlobalSection
	GlobalSection(ProjectConfigurationPlatforms) = postSolution
		{704546F6-7FB1-46E4-9CE4-E9124856DEFD}.Debug|Any CPU.ActiveCfg = Debug|Any CPU
		{704546F6-7FB1-46E4-9CE4-E9124856DEFD}.Debug|Any CPU.Build.0 = Debug|Any CPU
		{704546F6-7FB1-46E4-9CE4-E9124856DEFD}.Release|Any CPU.ActiveCfg = Release|Any CPU
		{704546F6-7FB1-46E4-9CE4-E9124856DEFD}.Release|Any CPU.Build.0 = Release|Any CPU
	EndGlobalSection
	GlobalSection(SolutionProperties) = preSolution
		HideSolutionNode = FALSE
	EndGlobalSection
	GlobalSection(ExtensibilityGlobals) = postSolution
		SolutionGuid = {42A8EBE5-A2CF-44F5-AA9B-757078613DAD}
	EndGlobalSection
EndGlobal
